
Microsoft Visual Studio Solution File, Format Version 11.00
# Visual Studio 2010
Project("{D2ABAB84-BF74-430A-B69E-9DC6D40DDA17}") = "PerspectiveBikeBuyer", "PerspectiveBikeBuyer\PerspectiveBikeBuyer.dwproj", "{0F57AA4A-B5AA-4A20-907C-011099781F22}"
EndProject
Global
	GlobalSection(SolutionConfigurationPlatforms) = preSolution
		Development|Default = Development|Default
	EndGlobalSection
	GlobalSection(ProjectConfigurationPlatforms) = postSolution
		{0F57AA4A-B5AA-4A20-907C-011099781F22}.Development|Default.ActiveCfg = Development
		{0F57AA4A-B5AA-4A20-907C-011099781F22}.Development|Default.Build.0 = Development
		{0F57AA4A-B5AA-4A20-907C-011099781F22}.Development|Default.Deploy.0 = Development
	EndGlobalSection
	GlobalSection(SolutionProperties) = preSolution
		HideSolutionNode = FALSE
	EndGlobalSection
EndGlobal
