
Microsoft Visual Studio Solution File, Format Version 11.00
# Visual Studio 2010
Project("{159641D6-6404-4A2A-AE62-294DE0FE8301}") = "SalesOrderProject", "SalesOrderProject\SalesOrderProject.dtproj", "{AD25A9BD-2AC5-4784-9FA4-DACF2CEE2E4C}"
EndProject
Global
	GlobalSection(SolutionConfigurationPlatforms) = preSolution
		Development|Default = Development|Default
	EndGlobalSection
	GlobalSection(ProjectConfigurationPlatforms) = postSolution
		{AD25A9BD-2AC5-4784-9FA4-DACF2CEE2E4C}.Development|Default.ActiveCfg = Development
		{AD25A9BD-2AC5-4784-9FA4-DACF2CEE2E4C}.Development|Default.Build.0 = Development
	EndGlobalSection
	GlobalSection(SolutionProperties) = preSolution
		HideSolutionNode = FALSE
	EndGlobalSection
EndGlobal
